[[package]]
name = "argparse"
version = "1.4.0"
description = "Python command-line parsing library"
category = "main"
optional = false
python-versions = "*"

[[package]]
name = "certifi"
version = "2024.8.30"
description = "Python package for providing Mozilla's CA Bundle."
category = "main"
optional = false
python-versions = ">=3.6"

[[package]]
name = "charset-normalizer"
version = "3.4.0"
description = "The Real First Universal Charset Detector. Open, modern and actively maintained alternative to Chardet."
category = "main"
optional = false
python-versions = ">=3.7.0"

[[package]]
name = "docker"
version = "7.1.0"
description = "A Python library for the Docker Engine API."
category = "main"
optional = false
python-versions = ">=3.8"

[package.dependencies]
pywin32 = {version = ">=304", markers = "sys_platform == \"win32\""}
requests = ">=2.26.0"
urllib3 = ">=1.26.0"

[package.extras]
dev = ["coverage (==7.2.7)", "pytest-cov (==4.1.0)", "pytest-timeout (==2.1.0)", "pytest (==7.4.2)", "ruff (==0.1.8)"]
docs = ["myst-parser (==0.18.0)", "sphinx (==5.1.1)"]
ssh = ["paramiko (>=2.4.3)"]
websockets = ["websocket-client (>=1.3.0)"]

[[package]]
name = "docutils"
version = "0.21.2"
description = "Docutils -- Python Documentation Utilities"
category = "main"
optional = false
python-versions = ">=3.9"

[[package]]
name = "idna"
version = "3.10"
description = "Internationalized Domain Names in Applications (IDNA)"
category = "main"
optional = false
python-versions = ">=3.6"

[package.extras]
all = ["ruff (>=0.6.2)", "mypy (>=1.11.2)", "pytest (>=8.3.2)", "flake8 (>=7.1.1)"]

[[package]]
name = "influxdb-client"
version = "1.46.0"
description = "InfluxDB 2.0 Python client library"
category = "main"
optional = false
python-versions = ">=3.7"

[package.dependencies]
certifi = ">=14.05.14"
python-dateutil = ">=2.5.3"
reactivex = ">=4.0.4"
urllib3 = ">=1.26.0"

[package.extras]
async = ["aiohttp (>=3.8.1)", "aiocsv (>=1.2.2)"]
ciso = ["ciso8601 (>=2.1.1)"]
extra = ["pandas (>=1.0.0)", "numpy"]
test = ["flake8 (>=5.0.3)", "coverage (>=4.0.3)", "nose (>=1.3.7)", "pluggy (>=0.3.1)", "py (>=1.4.31)", "randomize (>=0.13)", "pytest (>=5.0.0)", "pytest-cov (>=3.0.0)", "pytest-timeout (>=2.1.0)", "httpretty (==1.0.5)", "psutil (>=5.6.3)", "aioresponses (>=0.7.3)", "sphinx (==1.8.5)", "sphinx-rtd-theme", "jinja2 (>=3.1.4)"]

[[package]]
name = "kivy"
version = "2.3.0"
description = "An open-source Python framework for developing GUI apps that work cross-platform, including desktop, mobile and embedded platforms."
category = "main"
optional = false
python-versions = ">=3.7"

[package.dependencies]
docutils = "*"
"kivy-deps.angle" = {version = ">=0.4.0,<0.5.0", markers = "sys_platform == \"win32\""}
"kivy-deps.glew" = {version = ">=0.3.1,<0.4.0", markers = "sys_platform == \"win32\""}
"kivy-deps.sdl2" = {version = ">=0.7.0,<0.8.0", markers = "sys_platform == \"win32\""}
Kivy-Garden = ">=0.1.4"
pygments = "*"
pypiwin32 = {version = "*", markers = "sys_platform == \"win32\""}

[package.extras]
angle = ["kivy-deps.angle (>=0.4.0,<0.5.0)"]
base = ["pillow (>=9.5.0,<11)", "requests", "docutils", "pygments", "kivy-deps.angle (>=0.4.0,<0.5.0)", "kivy-deps.sdl2 (>=0.7.0,<0.8.0)", "kivy-deps.glew (>=0.3.1,<0.4.0)", "pypiwin32"]
dev = ["pytest (>=3.6)", "pytest-cov", "pytest-asyncio (!=0.11.0)", "pytest-timeout", "pytest-benchmark", "pyinstaller", "sphinx (<=6.2.1)", "sphinxcontrib-blockdiag", "sphinxcontrib-seqdiag", "sphinxcontrib-actdiag", "sphinxcontrib-nwdiag", "sphinxcontrib-jquery", "funcparserlib (==1.0.0a0)", "flake8", "pre-commit", "responses", "kivy-deps.gstreamer-dev (>=0.3.3,<0.4.0)", "kivy-deps.sdl2-dev (>=0.7.0,<0.8.0)", "kivy-deps.glew-dev (>=0.3.1,<0.4.0)"]
full = ["pillow (>=9.5.0,<11)", "docutils", "pygments", "ffpyplayer", "kivy-deps.gstreamer (>=0.3.3,<0.4.0)", "kivy-deps.angle (>=0.4.0,<0.5.0)", "kivy-deps.sdl2 (>=0.7.0,<0.8.0)", "kivy-deps.glew (>=0.3.1,<0.4.0)", "pypiwin32"]
glew = ["kivy-deps.glew (>=0.3.1,<0.4.0)"]
gstreamer = ["kivy-deps.gstreamer (>=0.3.3,<0.4.0)"]
media = ["ffpyplayer", "kivy-deps.gstreamer (>=0.3.3,<0.4.0)"]
sdl2 = ["kivy-deps.sdl2 (>=0.7.0,<0.8.0)"]
tuio = ["oscpy"]

[[package]]
name = "kivy-deps.angle"
version = "0.4.0"
description = "Repackaged binary dependency of Kivy."
category = "main"
optional = false
python-versions = "*"

[[package]]
name = "kivy-deps.glew"
version = "0.3.1"
description = "Repackaged binary dependency of Kivy."
category = "main"
optional = false
python-versions = "*"

[[package]]
name = "kivy-deps.sdl2"
version = "0.7.0"
description = "Repackaged binary dependency of Kivy."
category = "main"
optional = false
python-versions = "*"

[[package]]
name = "kivy-garden"
version = "0.1.5"
description = ""
category = "main"
optional = false
python-versions = "*"

[package.dependencies]
requests = "*"

[[package]]
name = "kivy-garden.graph"
version = "0.4.0"
description = "Display plots in kivy."
category = "main"
optional = false
python-versions = "*"

[package.extras]
ci = ["coveralls", "pycodestyle"]
dev = ["pytest (>=3.6)", "pytest-cov", "pytest-asyncio", "sphinx-rtd-theme"]

[[package]]
name = "pathlib"
version = "1.0.1"
description = "Object-oriented filesystem paths"
category = "main"
optional = false
python-versions = "*"

[[package]]
name = "psutil"
version = "6.0.0"
description = "Cross-platform lib for process and system monitoring in Python."
category = "main"
optional = false
python-versions = "!=3.0.*,!=3.1.*,!=3.2.*,!=3.3.*,!=3.4.*,!=3.5.*,>=2.7"

[package.extras]
test = ["enum34", "ipaddress", "mock", "pywin32", "wmi"]

[[package]]
name = "pygments"
version = "2.18.0"
description = "Pygments is a syntax highlighting package written in Python."
category = "main"
optional = false
python-versions = ">=3.8"

[package.extras]
windows-terminal = ["colorama (>=0.4.6)"]

[[package]]
name = "pypiwin32"
version = "223"
description = ""
category = "main"
optional = false
python-versions = "*"

[package.dependencies]
pywin32 = ">=223"

[[package]]
name = "python-dateutil"
version = "2.9.0.post0"
description = "Extensions to the standard Python datetime module"
category = "main"
optional = false
python-versions = "!=3.0.*,!=3.1.*,!=3.2.*,>=2.7"

[package.dependencies]
six = ">=1.5"

[[package]]
name = "python-dotenv"
version = "1.0.1"
description = "Read key-value pairs from a .env file and set them as environment variables"
category = "main"
optional = false
python-versions = ">=3.8"

[package.extras]
cli = ["click (>=5.0)"]

[[package]]
name = "pywin32"
version = "307"
description = "Python for Window Extensions"
category = "main"
optional = false
python-versions = "*"

[[package]]
name = "pyyaml"
version = "6.0.2"
description = "YAML parser and emitter for Python"
category = "main"
optional = false
python-versions = ">=3.8"

[[package]]
name = "reactivex"
version = "4.0.4"
description = "ReactiveX (Rx) for Python"
category = "main"
optional = false
python-versions = ">=3.7,<4.0"

[package.dependencies]
typing-extensions = ">=4.1.1,<5.0.0"

[[package]]
name = "requests"
version = "2.32.3"
description = "Python HTTP for Humans."
category = "main"
optional = false
python-versions = ">=3.8"

[package.dependencies]
certifi = ">=2017.4.17"
charset-normalizer = ">=2,<4"
idna = ">=2.5,<4"
urllib3 = ">=1.21.1,<3"

[package.extras]
socks = ["PySocks (>=1.5.6,!=1.5.7)"]
use-chardet-on-py3 = ["chardet (>=3.0.2,<6)"]

[[package]]
name = "six"
version = "1.16.0"
description = "Python 2 and 3 compatibility utilities"
category = "main"
optional = false
python-versions = ">=2.7, !=3.0.*, !=3.1.*, !=3.2.*"

[[package]]
name = "typing-extensions"
version = "4.12.2"
description = "Backported and Experimental Type Hints for Python 3.8+"
category = "main"
optional = false
python-versions = ">=3.8"

[[package]]
name = "urllib3"
version = "2.2.3"
description = "HTTP library with thread-safe connection pooling, file post, and more."
category = "main"
optional = false
python-versions = ">=3.8"

[package.extras]
brotli = ["brotli (>=1.0.9)", "brotlicffi (>=0.8.0)"]
h2 = ["h2 (>=4,<5)"]
socks = ["pysocks (>=1.5.6,!=1.5.7,<2.0)"]
zstd = ["zstandard (>=0.18.0)"]

[[package]]
name = "uuid"
version = "1.30"
description = "UUID object and generation functions (Python 2.3 or higher)"
category = "main"
optional = false
python-versions = "*"

[metadata]
lock-version = "1.1"
python-versions = "^3.10"
content-hash = "e4e9c3f3a1a006940865243df7b091ee88c92b0618888e2c077380af39ed9625"

[metadata.files]
argparse = []
certifi = []
charset-normalizer = []
docker = []
docutils = []
idna = []
influxdb-client = []
kivy = []
"kivy-deps.angle" = []
"kivy-deps.glew" = []
"kivy-deps.sdl2" = []
kivy-garden = []
"kivy-garden.graph" = []
pathlib = []
psutil = []
pygments = []
pypiwin32 = []
python-dateutil = []
python-dotenv = []
pywin32 = []
pyyaml = []
reactivex = []
requests = []
six = []
typing-extensions = []
urllib3 = []
uuid = []
